// !$*UTF8*$!
{
	archiveVersion = 1;
	classes = {
	};
	objectVersion = 50;
	objects = {

/* Begin PBXBuildFile section */
		1EA51DFB25E86D9B00996A7A /* AppDelegate.swift in Sources */ = {isa = PBXBuildFile; fileRef = 1EA51DFA25E86D9B00996A7A /* AppDelegate.swift */; };
		1EA51DFD25E86D9B00996A7A /* SceneDelegate.swift in Sources */ = {isa = PBXBuildFile; fileRef = 1EA51DFC25E86D9B00996A7A /* SceneDelegate.swift */; };
		1EA51DFF25E86D9B00996A7A /* ViewController.swift in Sources */ = {isa = PBXBuildFile; fileRef = 1EA51DFE25E86D9B00996A7A /* ViewController.swift */; };
		1EA51E0225E86D9B00996A7A /* Main.storyboard in Resources */ = {isa = PBXBuildFile; fileRef = 1EA51E0025E86D9B00996A7A /* Main.storyboard */; };
		1EA51E0425E86DA200996A7A /* Assets.xcassets in Resources */ = {isa = PBXBuildFile; fileRef = 1EA51E0325E86DA200996A7A /* Assets.xcassets */; };
		1EA51E0725E86DA200996A7A /* LaunchScreen.storyboard in Resources */ = {isa = PBXBuildFile; fileRef = 1EA51E0525E86DA200996A7A /* LaunchScreen.storyboard */; };
		1EA51E1225E86DA300996A7A /* LearningProgrammingTests.swift in Sources */ = {isa = PBXBuildFile; fileRef = 1EA51E1125E86DA300996A7A /* LearningProgrammingTests.swift */; };
		1EA51E1D25E86DA300996A7A /* LearningProgrammingUITests.swift in Sources */ = {isa = PBXBuildFile; fileRef = 1EA51E1C25E86DA300996A7A /* LearningProgrammingUITests.swift */; };
/* End PBXBuildFile section */

/* Begin PBXContainerItemProxy section */
		1EA51E0E25E86DA300996A7A /* PBXContainerItemProxy */ = {
			isa = PBXContainerItemProxy;
			containerPortal = 1EA51DEF25E86D9B00996A7A /* Project object */;
			proxyType = 1;
			remoteGlobalIDString = 1EA51DF625E86D9B00996A7A;
			remoteInfo = LearningProgramming;
		};
		1EA51E1925E86DA300996A7A /* PBXContainerItemProxy */ = {
			isa = PBXContainerItemProxy;
			containerPortal = 1EA51DEF25E86D9B00996A7A /* Project object */;
			proxyType = 1;
			remoteGlobalIDString = 1EA51DF625E86D9B00996A7A;
			remoteInfo = LearningProgramming;
		};
/* End PBXContainerItemProxy section */

/* Begin PBXFileReference section */
		1EA51DF725E86D9B00996A7A /* LearningProgramming.app */ = {isa = PBXFileReference; explicitFileType = wrapper.application; includeInIndex = 0; path = LearningProgramming.app; sourceTree = BUILT_PRODUCTS_DIR; };
		1EA51DFA25E86D9B00996A7A /* AppDelegate.swift */ = {isa = PBXFileReference; lastKnownFileType = sourcecode.swift; path = AppDelegate.swift; sourceTree = "<group>"; };
		1EA51DFC25E86D9B00996A7A /* SceneDelegate.swift */ = {isa = PBXFileReference; lastKnownFileType = sourcecode.swift; path = SceneDelegate.swift; sourceTree = "<group>"; };
		1EA51DFE25E86D9B00996A7A /* ViewController.swift */ = {isa = PBXFileReference; lastKnownFileType = sourcecode.swift; path = ViewController.swift; sourceTree = "<group>"; };
		1EA51E0125E86D9B00996A7A /* Base */ = {isa = PBXFileReference; lastKnownFileType = file.storyboard; name = Base; path = Base.lproj/Main.storyboard; sourceTree = "<group>"; };
		1EA51E0325E86DA200996A7A /* Assets.xcassets */ = {isa = PBXFileReference; lastKnownFileType = folder.assetcatalog; path = Assets.xcassets; sourceTree = "<group>"; };
		1EA51E0625E86DA200996A7A /* Base */ = {isa = PBXFileReference; lastKnownFileType = file.storyboard; name = Base; path = Base.lproj/LaunchScreen.storyboard; sourceTree = "<group>"; };
		1EA51E0825E86DA200996A7A /* Info.plist */ = {isa = PBXFileReference; lastKnownFileType = text.plist.xml; path = Info.plist; sourceTree = "<group>"; };
		1EA51E0D25E86DA300996A7A /* LearningProgrammingTests.xctest */ = {isa = PBXFileReference; explicitFileType = wrapper.cfbundle; includeInIndex = 0; path = LearningProgrammingTests.xctest; sourceTree = BUILT_PRODUCTS_DIR; };
		1EA51E1125E86DA300996A7A /* LearningProgrammingTests.swift */ = {isa = PBXFileReference; lastKnownFileType = sourcecode.swift; path = LearningProgrammingTests.swift; sourceTree = "<group>"; };
		1EA51E1325E86DA300996A7A /* Info.plist */ = {isa = PBXFileReference; lastKnownFileType = text.plist.xml; path = Info.plist; sourceTree = "<group>"; };
		1EA51E1825E86DA300996A7A /* LearningProgrammingUITests.xctest */ = {isa = PBXFileReference; explicitFileType = wrapper.cfbundle; includeInIndex = 0; path = LearningProgrammingUITests.xctest; sourceTree = BUILT_PRODUCTS_DIR; };
		1EA51E1C25E86DA300996A7A /* LearningProgrammingUITests.swift */ = {isa = PBXFileReference; lastKnownFileType = sourcecode.swift; path = LearningProgrammingUITests.swift; sourceTree = "<group>"; };
		1EA51E1E25E86DA300996A7A /* Info.plist */ = {isa = PBXFileReference; lastKnownFileType = text.plist.xml; path = Info.plist; sourceTree = "<group>"; };
/* End PBXFileReference section */

/* Begin PBXFrameworksBuildPhase section */
		1EA51DF425E86D9B00996A7A /* Frameworks */ = {
			isa = PBXFrameworksBuildPhase;
			buildActionMask = 2147483647;
			files = (
			);
			runOnlyForDeploymentPostprocessing = 0;
		};
		1EA51E0A25E86DA300996A7A /* Frameworks */ = {
			isa = PBXFrameworksBuildPhase;
			buildActionMask = 2147483647;
			files = (
			);
			runOnlyForDeploymentPostprocessing = 0;
		};
		1EA51E1525E86DA300996A7A /* Frameworks */ = {
			isa = PBXFrameworksBuildPhase;
			buildActionMask = 2147483647;
			files = (
			);
			runOnlyForDeploymentPostprocessing = 0;
		};
/* End PBXFrameworksBuildPhase section */

/* Begin PBXGroup section */
		1EA51DEE25E86D9B00996A7A = {
			isa = PBXGroup;
			children = (
				1EA51DF925E86D9B00996A7A /* LearningProgramming */,
				1EA51E1025E86DA300996A7A /* LearningProgrammingTests */,
				1EA51E1B25E86DA300996A7A /* LearningProgrammingUITests */,
				1EA51DF825E86D9B00996A7A /* Products */,
			);
			sourceTree = "<group>";
		};
		1EA51DF825E86D9B00996A7A /* Products */ = {
			isa = PBXGroup;
			children = (
				1EA51DF725E86D9B00996A7A /* LearningProgramming.app */,
				1EA51E0D25E86DA300996A7A /* LearningProgrammingTests.xctest */,
				1EA51E1825E86DA300996A7A /* LearningProgrammingUITests.xctest */,
			);
			name = Products;
			sourceTree = "<group>";
		};
		1EA51DF925E86D9B00996A7A /* LearningProgramming */ = {
			isa = PBXGroup;
			children = (
				1EA51DFA25E86D9B00996A7A /* AppDelegate.swift */,
				1EA51DFC25E86D9B00996A7A /* SceneDelegate.swift */,
				1EA51DFE25E86D9B00996A7A /* ViewController.swift */,
				1EA51E0025E86D9B00996A7A /* Main.storyboard */,
				1EA51E0325E86DA200996A7A /* Assets.xcassets */,
				1EA51E0525E86DA200996A7A /* LaunchScreen.storyboard */,
				1EA51E0825E86DA200996A7A /* Info.plist */,
			);
			path = LearningProgramming;
			sourceTree = "<group>";
		};
		1EA51E1025E86DA300996A7A /* LearningProgrammingTests */ = {
			isa = PBXGroup;
			children = (
				1EA51E1125E86DA300996A7A /* LearningProgrammingTests.swift */,
				1EA51E1325E86DA300996A7A /* Info.plist */,
			);
			path = LearningProgrammingTests;
			sourceTree = "<group>";
		};
		1EA51E1B25E86DA300996A7A /* LearningProgrammingUITests */ = {
			isa = PBXGroup;
			children = (
				1EA51E1C25E86DA300996A7A /* LearningProgrammingUITests.swift */,
				1EA51E1E25E86DA300996A7A /* Info.plist */,
			);
			path = LearningProgrammingUITests;
			sourceTree = "<group>";
		};
/* End PBXGroup section */

/* Begin PBXNativeTarget section */
		1EA51DF625E86D9B00996A7A /* LearningProgramming */ = {
			isa = PBXNativeTarget;
			buildConfigurationList = 1EA51E2125E86DA300996A7A /* Build configuration list for PBXNativeTarget "LearningProgramming" */;
			buildPhases = (
				1EA51DF325E86D9B00996A7A /* Sources */,
				1EA51DF425E86D9B00996A7A /* Frameworks */,
				1EA51DF525E86D9B00996A7A /* Resources */,
			);
			buildRules = (
			);
			dependencies = (
			);
			name = LearningProgramming;
			productName = LearningProgramming;
			productReference = 1EA51DF725E86D9B00996A7A /* LearningProgramming.app */;
			productType = "com.apple.product-type.application";
		};
		1EA51E0C25E86DA300996A7A /* LearningProgrammingTests */ = {
			isa = PBXNativeTarget;
			buildConfigurationList = 1EA51E2425E86DA300996A7A /* Build configuration list for PBXNativeTarget "LearningProgrammingTests" */;
			buildPhases = (
				1EA51E0925E86DA300996A7A /* Sources */,
				1EA51E0A25E86DA300996A7A /* Frameworks */,
				1EA51E0B25E86DA300996A7A /* Resources */,
			);
			buildRules = (
			);
			dependencies = (
				1EA51E0F25E86DA300996A7A /* PBXTargetDependency */,
			);
			name = LearningProgrammingTests;
			productName = LearningProgrammingTests;
			productReference = 1EA51E0D25E86DA300996A7A /* LearningProgrammingTests.xctest */;
			productType = "com.apple.product-type.bundle.unit-test";
		};
		1EA51E1725E86DA300996A7A /* LearningProgrammingUITests */ = {
			isa = PBXNativeTarget;
			buildConfigurationList = 1EA51E2725E86DA300996A7A /* Build configuration list for PBXNativeTarget "LearningProgrammingUITests" */;
			buildPhases = (
				1EA51E1425E86DA300996A7A /* Sources */,
				1EA51E1525E86DA300996A7A /* Frameworks */,
				1EA51E1625E86DA300996A7A /* Resources */,
			);
			buildRules = (
			);
			dependencies = (
				1EA51E1A25E86DA300996A7A /* PBXTargetDependency */,
			);
			name = LearningProgrammingUITests;
			productName = LearningProgrammingUITests;
			productReference = 1EA51E1825E86DA300996A7A /* LearningProgrammingUITests.xctest */;
			productType = "com.apple.product-type.bundle.ui-testing";
		};
/* End PBXNativeTarget section */

/* Begin PBXProject section */
		1EA51DEF25E86D9B00996A7A /* Project object */ = {
			isa = PBXProject;
			attributes = {
				LastSwiftUpdateCheck = 1240;
				LastUpgradeCheck = 1240;
				TargetAttributes = {
					1EA51DF625E86D9B00996A7A = {
						CreatedOnToolsVersion = 12.4;
					};
					1EA51E0C25E86DA300996A7A = {
						CreatedOnToolsVersion = 12.4;
						TestTargetID = 1EA51DF625E86D9B00996A7A;
					};
					1EA51E1725E86DA300996A7A = {
						CreatedOnToolsVersion = 12.4;
						TestTargetID = 1EA51DF625E86D9B00996A7A;
					};
				};
			};
			buildConfigurationList = 1EA51DF225E86D9B00996A7A /* Build configuration list for PBXProject "LearningProgramming" */;
			compatibilityVersion = "Xcode 9.3";
			developmentRegion = en;
			hasScannedForEncodings = 0;
			knownRegions = (
				en,
				Base,
			);
			mainGroup = 1EA51DEE25E86D9B00996A7A;
			productRefGroup = 1EA51DF825E86D9B00996A7A /* Products */;
			projectDirPath = "";
			projectRoot = "";
			targets = (
				1EA51DF625E86D9B00996A7A /* LearningProgramming */,
				1EA51E0C25E86DA300996A7A /* LearningProgrammingTests */,
				1EA51E1725E86DA300996A7A /* LearningProgrammingUITests */,
			);
		};
/* End PBXProject section */

/* Begin PBXResourcesBuildPhase section */
		1EA51DF525E86D9B00996A7A /* Resources */ = {
			isa = PBXResourcesBuildPhase;
			buildActionMask = 2147483647;
			files = (
				1EA51E0725E86DA200996A7A /* LaunchScreen.storyboard in Resources */,
				1EA51E0425E86DA200996A7A /* Assets.xcassets in Resources */,
				1EA51E0225E86D9B00996A7A /* Main.storyboard in Resources */,
			);
			runOnlyForDeploymentPostprocessing = 0;
		};
		1EA51E0B25E86DA300996A7A /* Resources */ = {
			isa = PBXResourcesBuildPhase;
			buildActionMask = 2147483647;
			files = (
			);
			runOnlyForDeploymentPostprocessing = 0;
		};
		1EA51E1625E86DA300996A7A /* Resources */ = {
			isa = PBXResourcesBuildPhase;
			buildActionMask = 2147483647;
			files = (
			);
			runOnlyForDeploymentPostprocessing = 0;
		};
/* End PBXResourcesBuildPhase section */

/* Begin PBXSourcesBuildPhase section */
		1EA51DF325E86D9B00996A7A /* Sources */ = {
			isa = PBXSourcesBuildPhase;
			buildActionMask = 2147483647;
			files = (
				1EA51DFF25E86D9B00996A7A /* ViewController.swift in Sources */,
				1EA51DFB25E86D9B00996A7A /* AppDelegate.swift in Sources */,
				1EA51DFD25E86D9B00996A7A /* SceneDelegate.swift in Sources */,
			);
			runOnlyForDeploymentPostprocessing = 0;
		};
		1EA51E0925E86DA300996A7A /* Sources */ = {
			isa = PBXSourcesBuildPhase;
			buildActionMask = 2147483647;
			files = (
				1EA51E1225E86DA300996A7A /* LearningProgrammingTests.swift in Sources */,
			);
			runOnlyForDeploymentPostprocessing = 0;
		};
		1EA51E1425E86DA300996A7A /* Sources */ = {
			isa = PBXSourcesBuildPhase;
			buildActionMask = 2147483647;
			files = (
				1EA51E1D25E86DA300996A7A /* LearningProgrammingUITests.swift in Sources */,
			);
			runOnlyForDeploymentPostprocessing = 0;
		};
/* End PBXSourcesBuildPhase section */

/* Begin PBXTargetDependency section */
		1EA51E0F25E86DA300996A7A /* PBXTargetDependency */ = {
			isa = PBXTargetDependency;
			target = 1EA51DF625E86D9B00996A7A /* LearningProgramming */;
			targetProxy = 1EA51E0E25E86DA300996A7A /* PBXContainerItemProxy */;
		};
		1EA51E1A25E86DA300996A7A /* PBXTargetDependency */ = {
			isa = PBXTargetDependency;
			target = 1EA51DF625E86D9B00996A7A /* LearningProgramming */;
			targetProxy = 1EA51E1925E86DA300996A7A /* PBXContainerItemProxy */;
		};
/* End PBXTargetDependency section */

/* Begin PBXVariantGroup section */
		1EA51E0025E86D9B00996A7A /* Main.storyboard */ = {
			isa = PBXVariantGroup;
			children = (
				1EA51E0125E86D9B00996A7A /* Base */,
			);
			name = Main.storyboard;
			sourceTree = "<group>";
		};
		1EA51E0525E86DA200996A7A /* LaunchScreen.storyboard */ = {
			isa = PBXVariantGroup;
			children = (
				1EA51E0625E86DA200996A7A /* Base */,
			);
			name = LaunchScreen.storyboard;
			sourceTree = "<group>";
		};
/* End PBXVariantGroup section */

/* Begin XCBuildConfiguration section */
		1EA51E1F25E86DA300996A7A /* Debug */ = {
			isa = XCBuildConfiguration;
			buildSettings = {
				ALWAYS_SEARCH_USER_PATHS = NO;
				CLANG_ANALYZER_NONNULL = YES;
				CLANG_ANALYZER_NUMBER_OBJECT_CONVERSION = YES_AGGRESSIVE;
				CLANG_CXX_LANGUAGE_STANDARD = "gnu++14";
				CLANG_CXX_LIBRARY = "libc++";
				CLANG_ENABLE_MODULES = YES;
				CLANG_ENABLE_OBJC_ARC = YES;
				CLANG_ENABLE_OBJC_WEAK = YES;
				CLANG_WARN_BLOCK_CAPTURE_AUTORELEASING = YES;
				CLANG_WARN_BOOL_CONVERSION = YES;
				CLANG_WARN_COMMA = YES;
				CLANG_WARN_CONSTANT_CONVERSION = YES;
				CLANG_WARN_DEPRECATED_OBJC_IMPLEMENTATIONS = YES;
				CLANG_WARN_DIRECT_OBJC_ISA_USAGE = YES_ERROR;
				CLANG_WARN_DOCUMENTATION_COMMENTS = YES;
				CLANG_WARN_EMPTY_BODY = YES;
				CLANG_WARN_ENUM_CONVERSION = YES;
				CLANG_WARN_INFINITE_RECURSION = YES;
				CLANG_WARN_INT_CONVERSION = YES;
				CLANG_WARN_NON_LITERAL_NULL_CONVERSION = YES;
				CLANG_WARN_OBJC_IMPLICIT_RETAIN_SELF = YES;
				CLANG_WARN_OBJC_LITERAL_CONVERSION = YES;
				CLANG_WARN_OBJC_ROOT_CLASS = YES_ERROR;
				CLANG_WARN_QUOTED_INCLUDE_IN_FRAMEWORK_HEADER = YES;
				CLANG_WARN_RANGE_LOOP_ANALYSIS = YES;
				CLANG_WARN_STRICT_PROTOTYPES = YES;
				CLANG_WARN_SUSPICIOUS_MOVE = YES;
				CLANG_WARN_UNGUARDED_AVAILABILITY = YES_AGGRESSIVE;
				CLANG_WARN_UNREACHABLE_CODE = YES;
				CLANG_WARN__DUPLICATE_METHOD_MATCH = YES;
				COPY_PHASE_STRIP = NO;
				DEBUG_INFORMATION_FORMAT = dwarf;
				ENABLE_STRICT_OBJC_MSGSEND = YES;
				ENABLE_TESTABILITY = YES;
				GCC_C_LANGUAGE_STANDARD = gnu11;
				GCC_DYNAMIC_NO_PIC = NO;
				GCC_NO_COMMON_BLOCKS = YES;
				GCC_OPTIMIZATION_LEVEL = 0;
				GCC_PREPROCESSOR_DEFINITIONS = (
					"DEBUG=1",
					"$(inherited)",
				);
				GCC_WARN_64_TO_32_BIT_CONVERSION = YES;
				GCC_WARN_ABOUT_RETURN_TYPE = YES_ERROR;
				GCC_WARN_UNDECLARED_SELECTOR = YES;
				GCC_WARN_UNINITIALIZED_AUTOS = YES_AGGRESSIVE;
				GCC_WARN_UNUSED_FUNCTION = YES;
				GCC_WARN_UNUSED_VARIABLE = YES;
				IPHONEOS_DEPLOYMENT_TARGET = 14.4;
				MTL_ENABLE_DEBUG_INFO = INCLUDE_SOURCE;
				MTL_FAST_MATH = YES;
				ONLY_ACTIVE_ARCH = YES;
				SDKROOT = iphoneos;
				SWIFT_ACTIVE_COMPILATION_CONDITIONS = DEBUG;
				SWIFT_OPTIMIZATION_LEVEL = "-Onone";
			};
			name = Debug;
		};
		1EA51E2025E86DA300996A7A /* Release */ = {
			isa = XCBuildConfiguration;
			buildSettings = {
				ALWAYS_SEARCH_USER_PATHS = NO;
				CLANG_ANALYZER_NONNULL = YES;
				CLANG_ANALYZER_NUMBER_OBJECT_CONVERSION = YES_AGGRESSIVE;
				CLANG_CXX_LANGUAGE_STANDARD = "gnu++14";
				CLANG_CXX_LIBRARY = "libc++";
				CLANG_ENABLE_MODULES = YES;
				CLANG_ENABLE_OBJC_ARC = YES;
				CLANG_ENABLE_OBJC_WEAK = YES;
				CLANG_WARN_BLOCK_CAPTURE_AUTORELEASING = YES;
				CLANG_WARN_BOOL_CONVERSION = YES;
				CLANG_WARN_COMMA = YES;
				CLANG_WARN_CONSTANT_CONVERSION = YES;
				CLANG_WARN_DEPRECATED_OBJC_IMPLEMENTATIONS = YES;
				CLANG_WARN_DIRECT_OBJC_ISA_USAGE = YES_ERROR;
				CLANG_WARN_DOCUMENTATION_COMMENTS = YES;
				CLANG_WARN_EMPTY_BODY = YES;
				CLANG_WARN_ENUM_CONVERSION = YES;
				CLANG_WARN_INFINITE_RECURSION = YES;
				CLANG_WARN_INT_CONVERSION = YES;
				CLANG_WARN_NON_LITERAL_NULL_CONVERSION = YES;
				CLANG_WARN_OBJC_IMPLICIT_RETAIN_SELF = YES;
				CLANG_WARN_OBJC_LITERAL_CONVERSION = YES;
				CLANG_WARN_OBJC_ROOT_CLASS = YES_ERROR;
				CLANG_WARN_QUOTED_INCLUDE_IN_FRAMEWORK_HEADER = YES;
				CLANG_WARN_RANGE_LOOP_ANALYSIS = YES;
				CLANG_WARN_STRICT_PROTOTYPES = YES;
				CLANG_WARN_SUSPICIOUS_MOVE = YES;
				CLANG_WARN_UNGUARDED_AVAILABILITY = YES_AGGRESSIVE;
				CLANG_WARN_UNREACHABLE_CODE = YES;
				CLANG_WARN__DUPLICATE_METHOD_MATCH = YES;
				COPY_PHASE_STRIP = NO;
				DEBUG_INFORMATION_FORMAT = "dwarf-with-dsym";
				ENABLE_NS_ASSERTIONS = NO;
				ENABLE_STRICT_OBJC_MSGSEND = YES;
				GCC_C_LANGUAGE_STANDARD = gnu11;
				GCC_NO_COMMON_BLOCKS = YES;
				GCC_WARN_64_TO_32_BIT_CONVERSION = YES;
				GCC_WARN_ABOUT_RETURN_TYPE = YES_ERROR;
				GCC_WARN_UNDECLARED_SELECTOR = YES;
				GCC_WARN_UNINITIALIZED_AUTOS = YES_AGGRESSIVE;
				GCC_WARN_UNUSED_FUNCTION = YES;
				GCC_WARN_UNUSED_VARIABLE = YES;
				IPHONEOS_DEPLOYMENT_TARGET = 14.4;
				MTL_ENABLE_DEBUG_INFO = NO;
				MTL_FAST_MATH = YES;
				SDKROOT = iphoneos;
				SWIFT_COMPILATION_MODE = wholemodule;
				SWIFT_OPTIMIZATION_LEVEL = "-O";
				VALIDATE_PRODUCT = YES;
			};
			name = Release;
		};
		1EA51E2225E86DA300996A7A /* Debug */ = {
			isa = XCBuildConfiguration;
			buildSettings = {
				ASSETCATALOG_COMPILER_APPICON_NAME = AppIcon;
				ASSETCATALOG_COMPILER_GLOBAL_ACCENT_COLOR_NAME = AccentColor;
				CODE_SIGN_STYLE = Automatic;
				INFOPLIST_FILE = LearningProgramming/Info.plist;
				LD_RUNPATH_SEARCH_PATHS = (
					"$(inherited)",
					"@executable_path/Frameworks",
				);
				PRODUCT_BUNDLE_IDENTIFIER = Learning.LearningProgramming;
				PRODUCT_NAME = "$(TARGET_NAME)";
				SWIFT_VERSION = 5.0;
				TARGETED_DEVICE_FAMILY = "1,2";
			};
			name = Debug;
		};
		1EA51E2325E86DA300996A7A /* Release */ = {
			isa = XCBuildConfiguration;
			buildSettings = {
				ASSETCATALOG_COMPILER_APPICON_NAME = AppIcon;
				ASSETCATALOG_COMPILER_GLOBAL_ACCENT_COLOR_NAME = AccentColor;
				CODE_SIGN_STYLE = Automatic;
				INFOPLIST_FILE = LearningProgramming/Info.plist;
				LD_RUNPATH_SEARCH_PATHS = (
					"$(inherited)",
					"@executable_path/Frameworks",
				);
				PRODUCT_BUNDLE_IDENTIFIER = Learning.LearningProgramming;
				PRODUCT_NAME = "$(TARGET_NAME)";
				SWIFT_VERSION = 5.0;
				TARGETED_DEVICE_FAMILY = "1,2";
			};
			name = Release;
		};
		1EA51E2525E86DA300996A7A /* Debug */ = {
			isa = XCBuildConfiguration;
			buildSettings = {
				ALWAYS_EMBED_SWIFT_STANDARD_LIBRARIES = YES;
				BUNDLE_LOADER = "$(TEST_HOST)";
				CODE_SIGN_STYLE = Automatic;
				INFOPLIST_FILE = LearningProgrammingTests/Info.plist;
				IPHONEOS_DEPLOYMENT_TARGET = 14.4;
				LD_RUNPATH_SEARCH_PATHS = (
					"$(inherited)",
					"@executable_path/Frameworks",
					"@loader_path/Frameworks",
				);
				PRODUCT_BUNDLE_IDENTIFIER = Learning.LearningProgrammingTests;
				PRODUCT_NAME = "$(TARGET_NAME)";
				SWIFT_VERSION = 5.0;
				TARGETED_DEVICE_FAMILY = "1,2";
				TEST_HOST = "$(BUILT_PRODUCTS_DIR)/LearningProgramming.app/LearningProgramming";
			};
			name = Debug;
		};
		1EA51E2625E86DA300996A7A /* Release */ = {
			isa = XCBuildConfiguration;
			buildSettings = {
				ALWAYS_EMBED_SWIFT_STANDARD_LIBRARIES = YES;
				BUNDLE_LOADER = "$(TEST_HOST)";
				CODE_SIGN_STYLE = Automatic;
				INFOPLIST_FILE = LearningProgrammingTests/Info.plist;
				IPHONEOS_DEPLOYMENT_TARGET = 14.4;
				LD_RUNPATH_SEARCH_PATHS = (
					"$(inherited)",
					"@executable_path/Frameworks",
					"@loader_path/Frameworks",
				);
				PRODUCT_BUNDLE_IDENTIFIER = Learning.LearningProgrammingTests;
				PRODUCT_NAME = "$(TARGET_NAME)";
				SWIFT_VERSION = 5.0;
				TARGETED_DEVICE_FAMILY = "1,2";
				TEST_HOST = "$(BUILT_PRODUCTS_DIR)/LearningProgramming.app/LearningProgramming";
			};
			name = Release;
		};
		1EA51E2825E86DA300996A7A /* Debug */ = {
			isa = XCBuildConfiguration;
			buildSettings = {
				ALWAYS_EMBED_SWIFT_STANDARD_LIBRARIES = YES;
				CODE_SIGN_STYLE = Automatic;
				INFOPLIST_FILE = LearningProgrammingUITests/Info.plist;
				LD_RUNPATH_SEARCH_PATHS = (
					"$(inherited)",
					"@executable_path/Frameworks",
					"@loader_path/Frameworks",
				);
				PRODUCT_BUNDLE_IDENTIFIER = Learning.LearningProgrammingUITests;
				PRODUCT_NAME = "$(TARGET_NAME)";
				SWIFT_VERSION = 5.0;
				TARGETED_DEVICE_FAMILY = "1,2";
				TEST_TARGET_NAME = LearningProgramming;
			};
			name = Debug;
		};
		1EA51E2925E86DA300996A7A /* Release */ = {
			isa = XCBuildConfiguration;
			buildSettings = {
				ALWAYS_EMBED_SWIFT_STANDARD_LIBRARIES = YES;
				CODE_SIGN_STYLE = Automatic;
				INFOPLIST_FILE = LearningProgrammingUITests/Info.plist;
				LD_RUNPATH_SEARCH_PATHS = (
					"$(inherited)",
					"@executable_path/Frameworks",
					"@loader_path/Frameworks",
				);
				PRODUCT_BUNDLE_IDENTIFIER = Learning.LearningProgrammingUITests;
				PRODUCT_NAME = "$(TARGET_NAME)";
				SWIFT_VERSION = 5.0;
				TARGETED_DEVICE_FAMILY = "1,2";
				TEST_TARGET_NAME = LearningProgramming;
			};
			name = Release;
		};
/* End XCBuildConfiguration section */

/* Begin XCConfigurationList section */
		1EA51DF225E86D9B00996A7A /* Build configuration list for PBXProject "LearningProgramming" */ = {
			isa = XCConfigurationList;
			buildConfigurations = (
				1EA51E1F25E86DA300996A7A /* Debug */,
				1EA51E2025E86DA300996A7A /* Release */,
			);
			defaultConfigurationIsVisible = 0;
			defaultConfigurationName = Release;
		};
		1EA51E2125E86DA300996A7A /* Build configuration list for PBXNativeTarget "LearningProgramming" */ = {
			isa = XCConfigurationList;
			buildConfigurations = (
				1EA51E2225E86DA300996A7A /* Debug */,
				1EA51E2325E86DA300996A7A /* Release */,
			);
			defaultConfigurationIsVisible = 0;
			defaultConfigurationName = Release;
		};
		1EA51E2425E86DA300996A7A /* Build configuration list for PBXNativeTarget "LearningProgrammingTests" */ = {
			isa = XCConfigurationList;
			buildConfigurations = (
				1EA51E2525E86DA300996A7A /* Debug */,
				1EA51E2625E86DA300996A7A /* Release */,
			);
			defaultConfigurationIsVisible = 0;
			defaultConfigurationName = Release;
		};
		1EA51E2725E86DA300996A7A /* Build configuration list for PBXNativeTarget "LearningProgrammingUITests" */ = {
			isa = XCConfigurationList;
			buildConfigurations = (
				1EA51E2825E86DA300996A7A /* Debug */,
				1EA51E2925E86DA300996A7A /* Release */,
			);
			defaultConfigurationIsVisible = 0;
			defaultConfigurationName = Release;
		};
/* End XCConfigurationList section */
	};
	rootObject = 1EA51DEF25E86D9B00996A7A /* Project object */;
}
